// !$*UTF8*$!
{
	archiveVersion = 1;
	classes = {
	};
	objectVersion = 50;
	objects = {

/* Begin PBXBuildFile section */
		4595E12222D55A7200788103 /* AppDelegate.swift in Sources */ = {isa = PBXBuildFile; fileRef = 4595E12122D55A7200788103 /* AppDelegate.swift */; };
		4595E12422D55A7200788103 /* ViewController.swift in Sources */ = {isa = PBXBuildFile; fileRef = 4595E12322D55A7200788103 /* ViewController.swift */; };
		4595E12722D55A7200788103 /* Main.storyboard in Resources */ = {isa = PBXBuildFile; fileRef = 4595E12522D55A7200788103 /* Main.storyboard */; };
		4595E12922D55A7300788103 /* Assets.xcassets in Resources */ = {isa = PBXBuildFile; fileRef = 4595E12822D55A7300788103 /* Assets.xcassets */; };
		4595E12C22D55A7300788103 /* LaunchScreen.storyboard in Resources */ = {isa = PBXBuildFile; fileRef = 4595E12A22D55A7300788103 /* LaunchScreen.storyboard */; };
		4595E13722D55A7300788103 /* How_FarTests.swift in Sources */ = {isa = PBXBuildFile; fileRef = 4595E13622D55A7300788103 /* How_FarTests.swift */; };
		4595E14222D55A7300788103 /* How_FarUITests.swift in Sources */ = {isa = PBXBuildFile; fileRef = 4595E14122D55A7300788103 /* How_FarUITests.swift */; };
		4595E15022D55DC900788103 /* User.swift in Sources */ = {isa = PBXBuildFile; fileRef = 4595E14F22D55DC900788103 /* User.swift */; };
/* End PBXBuildFile section */

/* Begin PBXContainerItemProxy section */
		4595E13322D55A7300788103 /* PBXContainerItemProxy */ = {
			isa = PBXContainerItemProxy;
			containerPortal = 4595E11622D55A7200788103 /* Project object */;
			proxyType = 1;
			remoteGlobalIDString = 4595E11D22D55A7200788103;
			remoteInfo = "How Far";
		};
		4595E13E22D55A7300788103 /* PBXContainerItemProxy */ = {
			isa = PBXContainerItemProxy;
			containerPortal = 4595E11622D55A7200788103 /* Project object */;
			proxyType = 1;
			remoteGlobalIDString = 4595E11D22D55A7200788103;
			remoteInfo = "How Far";
		};
/* End PBXContainerItemProxy section */

/* Begin PBXFileReference section */
		4595E11E22D55A7200788103 /* How Far.app */ = {isa = PBXFileReference; explicitFileType = wrapper.application; includeInIndex = 0; path = "How Far.app"; sourceTree = BUILT_PRODUCTS_DIR; };
		4595E12122D55A7200788103 /* AppDelegate.swift */ = {isa = PBXFileReference; lastKnownFileType = sourcecode.swift; path = AppDelegate.swift; sourceTree = "<group>"; };
		4595E12322D55A7200788103 /* ViewController.swift */ = {isa = PBXFileReference; lastKnownFileType = sourcecode.swift; path = ViewController.swift; sourceTree = "<group>"; };
		4595E12622D55A7200788103 /* Base */ = {isa = PBXFileReference; lastKnownFileType = file.storyboard; name = Base; path = Base.lproj/Main.storyboard; sourceTree = "<group>"; };
		4595E12822D55A7300788103 /* Assets.xcassets */ = {isa = PBXFileReference; lastKnownFileType = folder.assetcatalog; path = Assets.xcassets; sourceTree = "<group>"; };
		4595E12B22D55A7300788103 /* Base */ = {isa = PBXFileReference; lastKnownFileType = file.storyboard; name = Base; path = Base.lproj/LaunchScreen.storyboard; sourceTree = "<group>"; };
		4595E12D22D55A7300788103 /* Info.plist */ = {isa = PBXFileReference; lastKnownFileType = text.plist.xml; path = Info.plist; sourceTree = "<group>"; };
		4595E13222D55A7300788103 /* How FarTests.xctest */ = {isa = PBXFileReference; explicitFileType = wrapper.cfbundle; includeInIndex = 0; path = "How FarTests.xctest"; sourceTree = BUILT_PRODUCTS_DIR; };
		4595E13622D55A7300788103 /* How_FarTests.swift */ = {isa = PBXFileReference; lastKnownFileType = sourcecode.swift; path = How_FarTests.swift; sourceTree = "<group>"; };
		4595E13822D55A7300788103 /* Info.plist */ = {isa = PBXFileReference; lastKnownFileType = text.plist.xml; path = Info.plist; sourceTree = "<group>"; };
		4595E13D22D55A7300788103 /* How FarUITests.xctest */ = {isa = PBXFileReference; explicitFileType = wrapper.cfbundle; includeInIndex = 0; path = "How FarUITests.xctest"; sourceTree = BUILT_PRODUCTS_DIR; };
		4595E14122D55A7300788103 /* How_FarUITests.swift */ = {isa = PBXFileReference; lastKnownFileType = sourcecode.swift; path = How_FarUITests.swift; sourceTree = "<group>"; };
		4595E14322D55A7300788103 /* Info.plist */ = {isa = PBXFileReference; lastKnownFileType = text.plist.xml; path = Info.plist; sourceTree = "<group>"; };
		4595E14F22D55DC900788103 /* User.swift */ = {isa = PBXFileReference; fileEncoding = 4; lastKnownFileType = sourcecode.swift; path = User.swift; sourceTree = "<group>"; };
/* End PBXFileReference section */

/* Begin PBXFrameworksBuildPhase section */
		4595E11B22D55A7200788103 /* Frameworks */ = {
			isa = PBXFrameworksBuildPhase;
			buildActionMask = 2147483647;
			files = (
			);
			runOnlyForDeploymentPostprocessing = 0;
		};
		4595E12F22D55A7300788103 /* Frameworks */ = {
			isa = PBXFrameworksBuildPhase;
			buildActionMask = 2147483647;
			files = (
			);
			runOnlyForDeploymentPostprocessing = 0;
		};
		4595E13A22D55A7300788103 /* Frameworks */ = {
			isa = PBXFrameworksBuildPhase;
			buildActionMask = 2147483647;
			files = (
			);
			runOnlyForDeploymentPostprocessing = 0;
		};
/* End PBXFrameworksBuildPhase section */

/* Begin PBXGroup section */
		4595E11522D55A7200788103 = {
			isa = PBXGroup;
			children = (
				4595E12022D55A7200788103 /* How Far */,
				4595E13522D55A7300788103 /* How FarTests */,
				4595E14022D55A7300788103 /* How FarUITests */,
				4595E11F22D55A7200788103 /* Products */,
			);
			sourceTree = "<group>";
		};
		4595E11F22D55A7200788103 /* Products */ = {
			isa = PBXGroup;
			children = (
				4595E11E22D55A7200788103 /* How Far.app */,
				4595E13222D55A7300788103 /* How FarTests.xctest */,
				4595E13D22D55A7300788103 /* How FarUITests.xctest */,
			);
			name = Products;
			sourceTree = "<group>";
		};
		4595E12022D55A7200788103 /* How Far */ = {
			isa = PBXGroup;
			children = (
				4595E12122D55A7200788103 /* AppDelegate.swift */,
				4595E12322D55A7200788103 /* ViewController.swift */,
				4595E12522D55A7200788103 /* Main.storyboard */,
				4595E14F22D55DC900788103 /* User.swift */,
				4595E12822D55A7300788103 /* Assets.xcassets */,
				4595E12A22D55A7300788103 /* LaunchScreen.storyboard */,
				4595E12D22D55A7300788103 /* Info.plist */,
			);
			path = "How Far";
			sourceTree = "<group>";
		};
		4595E13522D55A7300788103 /* How FarTests */ = {
			isa = PBXGroup;
			children = (
				4595E13622D55A7300788103 /* How_FarTests.swift */,
				4595E13822D55A7300788103 /* Info.plist */,
			);
			path = "How FarTests";
			sourceTree = "<group>";
		};
		4595E14022D55A7300788103 /* How FarUITests */ = {
			isa = PBXGroup;
			children = (
				4595E14122D55A7300788103 /* How_FarUITests.swift */,
				4595E14322D55A7300788103 /* Info.plist */,
			);
			path = "How FarUITests";
			sourceTree = "<group>";
		};
/* End PBXGroup section */

/* Begin PBXNativeTarget section */
		4595E11D22D55A7200788103 /* How Far */ = {
			isa = PBXNativeTarget;
			buildConfigurationList = 4595E14622D55A7300788103 /* Build configuration list for PBXNativeTarget "How Far" */;
			buildPhases = (
				4595E11A22D55A7200788103 /* Sources */,
				4595E11B22D55A7200788103 /* Frameworks */,
				4595E11C22D55A7200788103 /* Resources */,
			);
			buildRules = (
			);
			dependencies = (
			);
			name = "How Far";
			productName = "How Far";
			productReference = 4595E11E22D55A7200788103 /* How Far.app */;
			productType = "com.apple.product-type.application";
		};
		4595E13122D55A7300788103 /* How FarTests */ = {
			isa = PBXNativeTarget;
			buildConfigurationList = 4595E14922D55A7300788103 /* Build configuration list for PBXNativeTarget "How FarTests" */;
			buildPhases = (
				4595E12E22D55A7300788103 /* Sources */,
				4595E12F22D55A7300788103 /* Frameworks */,
				4595E13022D55A7300788103 /* Resources */,
			);
			buildRules = (
			);
			dependencies = (
				4595E13422D55A7300788103 /* PBXTargetDependency */,
			);
			name = "How FarTests";
			productName = "How FarTests";
			productReference = 4595E13222D55A7300788103 /* How FarTests.xctest */;
			productType = "com.apple.product-type.bundle.unit-test";
		};
		4595E13C22D55A7300788103 /* How FarUITests */ = {
			isa = PBXNativeTarget;
			buildConfigurationList = 4595E14C22D55A7300788103 /* Build configuration list for PBXNativeTarget "How FarUITests" */;
			buildPhases = (
				4595E13922D55A7300788103 /* Sources */,
				4595E13A22D55A7300788103 /* Frameworks */,
				4595E13B22D55A7300788103 /* Resources */,
			);
			buildRules = (
			);
			dependencies = (
				4595E13F22D55A7300788103 /* PBXTargetDependency */,
			);
			name = "How FarUITests";
			productName = "How FarUITests";
			productReference = 4595E13D22D55A7300788103 /* How FarUITests.xctest */;
			productType = "com.apple.product-type.bundle.ui-testing";
		};
/* End PBXNativeTarget section */

/* Begin PBXProject section */
		4595E11622D55A7200788103 /* Project object */ = {
			isa = PBXProject;
			attributes = {
				LastSwiftUpdateCheck = 1020;
				LastUpgradeCheck = 1020;
				ORGANIZATIONNAME = "Matt Leuer";
				TargetAttributes = {
					4595E11D22D55A7200788103 = {
						CreatedOnToolsVersion = 10.2.1;
					};
					4595E13122D55A7300788103 = {
						CreatedOnToolsVersion = 10.2.1;
						TestTargetID = 4595E11D22D55A7200788103;
					};
					4595E13C22D55A7300788103 = {
						CreatedOnToolsVersion = 10.2.1;
						TestTargetID = 4595E11D22D55A7200788103;
					};
				};
			};
			buildConfigurationList = 4595E11922D55A7200788103 /* Build configuration list for PBXProject "How Far" */;
			compatibilityVersion = "Xcode 9.3";
			developmentRegion = en;
			hasScannedForEncodings = 0;
			knownRegions = (
				en,
				Base,
			);
			mainGroup = 4595E11522D55A7200788103;
			productRefGroup = 4595E11F22D55A7200788103 /* Products */;
			projectDirPath = "";
			projectRoot = "";
			targets = (
				4595E11D22D55A7200788103 /* How Far */,
				4595E13122D55A7300788103 /* How FarTests */,
				4595E13C22D55A7300788103 /* How FarUITests */,
			);
		};
/* End PBXProject section */

/* Begin PBXResourcesBuildPhase section */
		4595E11C22D55A7200788103 /* Resources */ = {
			isa = PBXResourcesBuildPhase;
			buildActionMask = 2147483647;
			files = (
				4595E12C22D55A7300788103 /* LaunchScreen.storyboard in Resources */,
				4595E12922D55A7300788103 /* Assets.xcassets in Resources */,
				4595E12722D55A7200788103 /* Main.storyboard in Resources */,
			);
			runOnlyForDeploymentPostprocessing = 0;
		};
		4595E13022D55A7300788103 /* Resources */ = {
			isa = PBXResourcesBuildPhase;
			buildActionMask = 2147483647;
			files = (
			);
			runOnlyForDeploymentPostprocessing = 0;
		};
		4595E13B22D55A7300788103 /* Resources */ = {
			isa = PBXResourcesBuildPhase;
			buildActionMask = 2147483647;
			files = (
			);
			runOnlyForDeploymentPostprocessing = 0;
		};
/* End PBXResourcesBuildPhase section */

/* Begin PBXSourcesBuildPhase section */
		4595E11A22D55A7200788103 /* Sources */ = {
			isa = PBXSourcesBuildPhase;
			buildActionMask = 2147483647;
			files = (
				4595E12422D55A7200788103 /* ViewController.swift in Sources */,
				4595E12222D55A7200788103 /* AppDelegate.swift in Sources */,
				4595E15022D55DC900788103 /* User.swift in Sources */,
			);
			runOnlyForDeploymentPostprocessing = 0;
		};
		4595E12E22D55A7300788103 /* Sources */ = {
			isa = PBXSourcesBuildPhase;
			buildActionMask = 2147483647;
			files = (
				4595E13722D55A7300788103 /* How_FarTests.swift in Sources */,
			);
			runOnlyForDeploymentPostprocessing = 0;
		};
		4595E13922D55A7300788103 /* Sources */ = {
			isa = PBXSourcesBuildPhase;
			buildActionMask = 2147483647;
			files = (
				4595E14222D55A7300788103 /* How_FarUITests.swift in Sources */,
			);
			runOnlyForDeploymentPostprocessing = 0;
		};
/* End PBXSourcesBuildPhase section */

/* Begin PBXTargetDependency section */
		4595E13422D55A7300788103 /* PBXTargetDependency */ = {
			isa = PBXTargetDependency;
			target = 4595E11D22D55A7200788103 /* How Far */;
			targetProxy = 4595E13322D55A7300788103 /* PBXContainerItemProxy */;
		};
		4595E13F22D55A7300788103 /* PBXTargetDependency */ = {
			isa = PBXTargetDependency;
			target = 4595E11D22D55A7200788103 /* How Far */;
			targetProxy = 4595E13E22D55A7300788103 /* PBXContainerItemProxy */;
		};
/* End PBXTargetDependency section */

/* Begin PBXVariantGroup section */
		4595E12522D55A7200788103 /* Main.storyboard */ = {
			isa = PBXVariantGroup;
			children = (
				4595E12622D55A7200788103 /* Base */,
			);
			name = Main.storyboard;
			sourceTree = "<group>";
		};
		4595E12A22D55A7300788103 /* LaunchScreen.storyboard */ = {
			isa = PBXVariantGroup;
			children = (
				4595E12B22D55A7300788103 /* Base */,
			);
			name = LaunchScreen.storyboard;
			sourceTree = "<group>";
		};
/* End PBXVariantGroup section */

/* Begin XCBuildConfiguration section */
		4595E14422D55A7300788103 /* Debug */ = {
			isa = XCBuildConfiguration;
			buildSettings = {
				ALWAYS_SEARCH_USER_PATHS = NO;
				CLANG_ANALYZER_NONNULL = YES;
				CLANG_ANALYZER_NUMBER_OBJECT_CONVERSION = YES_AGGRESSIVE;
				CLANG_CXX_LANGUAGE_STANDARD = "gnu++14";
				CLANG_CXX_LIBRARY = "libc++";
				CLANG_ENABLE_MODULES = YES;
				CLANG_ENABLE_OBJC_ARC = YES;
				CLANG_ENABLE_OBJC_WEAK = YES;
				CLANG_WARN_BLOCK_CAPTURE_AUTORELEASING = YES;
				CLANG_WARN_BOOL_CONVERSION = YES;
				CLANG_WARN_COMMA = YES;
				CLANG_WARN_CONSTANT_CONVERSION = YES;
				CLANG_WARN_DEPRECATED_OBJC_IMPLEMENTATIONS = YES;
				CLANG_WARN_DIRECT_OBJC_ISA_USAGE = YES_ERROR;
				CLANG_WARN_DOCUMENTATION_COMMENTS = YES;
				CLANG_WARN_EMPTY_BODY = YES;
				CLANG_WARN_ENUM_CONVERSION = YES;
				CLANG_WARN_INFINITE_RECURSION = YES;
				CLANG_WARN_INT_CONVERSION = YES;
				CLANG_WARN_NON_LITERAL_NULL_CONVERSION = YES;
				CLANG_WARN_OBJC_IMPLICIT_RETAIN_SELF = YES;
				CLANG_WARN_OBJC_LITERAL_CONVERSION = YES;
				CLANG_WARN_OBJC_ROOT_CLASS = YES_ERROR;
				CLANG_WARN_RANGE_LOOP_ANALYSIS = YES;
				CLANG_WARN_STRICT_PROTOTYPES = YES;
				CLANG_WARN_SUSPICIOUS_MOVE = YES;
				CLANG_WARN_UNGUARDED_AVAILABILITY = YES_AGGRESSIVE;
				CLANG_WARN_UNREACHABLE_CODE = YES;
				CLANG_WARN__DUPLICATE_METHOD_MATCH = YES;
				CODE_SIGN_IDENTITY = "iPhone Developer";
				COPY_PHASE_STRIP = NO;
				DEBUG_INFORMATION_FORMAT = dwarf;
				ENABLE_STRICT_OBJC_MSGSEND = YES;
				ENABLE_TESTABILITY = YES;
				GCC_C_LANGUAGE_STANDARD = gnu11;
				GCC_DYNAMIC_NO_PIC = NO;
				GCC_NO_COMMON_BLOCKS = YES;
				GCC_OPTIMIZATION_LEVEL = 0;
				GCC_PREPROCESSOR_DEFINITIONS = (
					"DEBUG=1",
					"$(inherited)",
				);
				GCC_WARN_64_TO_32_BIT_CONVERSION = YES;
				GCC_WARN_ABOUT_RETURN_TYPE = YES_ERROR;
				GCC_WARN_UNDECLARED_SELECTOR = YES;
				GCC_WARN_UNINITIALIZED_AUTOS = YES_AGGRESSIVE;
				GCC_WARN_UNUSED_FUNCTION = YES;
				GCC_WARN_UNUSED_VARIABLE = YES;
				IPHONEOS_DEPLOYMENT_TARGET = 12.2;
				MTL_ENABLE_DEBUG_INFO = INCLUDE_SOURCE;
				MTL_FAST_MATH = YES;
				ONLY_ACTIVE_ARCH = YES;
				SDKROOT = iphoneos;
				SWIFT_ACTIVE_COMPILATION_CONDITIONS = DEBUG;
				SWIFT_OPTIMIZATION_LEVEL = "-Onone";
			};
			name = Debug;
		};
		4595E14522D55A7300788103 /* Release */ = {
			isa = XCBuildConfiguration;
			buildSettings = {
				ALWAYS_SEARCH_USER_PATHS = NO;
				CLANG_ANALYZER_NONNULL = YES;
				CLANG_ANALYZER_NUMBER_OBJECT_CONVERSION = YES_AGGRESSIVE;
				CLANG_CXX_LANGUAGE_STANDARD = "gnu++14";
				CLANG_CXX_LIBRARY = "libc++";
				CLANG_ENABLE_MODULES = YES;
				CLANG_ENABLE_OBJC_ARC = YES;
				CLANG_ENABLE_OBJC_WEAK = YES;
				CLANG_WARN_BLOCK_CAPTURE_AUTORELEASING = YES;
				CLANG_WARN_BOOL_CONVERSION = YES;
				CLANG_WARN_COMMA = YES;
				CLANG_WARN_CONSTANT_CONVERSION = YES;
				CLANG_WARN_DEPRECATED_OBJC_IMPLEMENTATIONS = YES;
				CLANG_WARN_DIRECT_OBJC_ISA_USAGE = YES_ERROR;
				CLANG_WARN_DOCUMENTATION_COMMENTS = YES;
				CLANG_WARN_EMPTY_BODY = YES;
				CLANG_WARN_ENUM_CONVERSION = YES;
				CLANG_WARN_INFINITE_RECURSION = YES;
				CLANG_WARN_INT_CONVERSION = YES;
				CLANG_WARN_NON_LITERAL_NULL_CONVERSION = YES;
				CLANG_WARN_OBJC_IMPLICIT_RETAIN_SELF = YES;
				CLANG_WARN_OBJC_LITERAL_CONVERSION = YES;
				CLANG_WARN_OBJC_ROOT_CLASS = YES_ERROR;
				CLANG_WARN_RANGE_LOOP_ANALYSIS = YES;
				CLANG_WARN_STRICT_PROTOTYPES = YES;
				CLANG_WARN_SUSPICIOUS_MOVE = YES;
				CLANG_WARN_UNGUARDED_AVAILABILITY = YES_AGGRESSIVE;
				CLANG_WARN_UNREACHABLE_CODE = YES;
				CLANG_WARN__DUPLICATE_METHOD_MATCH = YES;
				CODE_SIGN_IDENTITY = "iPhone Developer";
				COPY_PHASE_STRIP = NO;
				DEBUG_INFORMATION_FORMAT = "dwarf-with-dsym";
				ENABLE_NS_ASSERTIONS = NO;
				ENABLE_STRICT_OBJC_MSGSEND = YES;
				GCC_C_LANGUAGE_STANDARD = gnu11;
				GCC_NO_COMMON_BLOCKS = YES;
				GCC_WARN_64_TO_32_BIT_CONVERSION = YES;
				GCC_WARN_ABOUT_RETURN_TYPE = YES_ERROR;
				GCC_WARN_UNDECLARED_SELECTOR = YES;
				GCC_WARN_UNINITIALIZED_AUTOS = YES_AGGRESSIVE;
				GCC_WARN_UNUSED_FUNCTION = YES;
				GCC_WARN_UNUSED_VARIABLE = YES;
				IPHONEOS_DEPLOYMENT_TARGET = 12.2;
				MTL_ENABLE_DEBUG_INFO = NO;
				MTL_FAST_MATH = YES;
				SDKROOT = iphoneos;
				SWIFT_COMPILATION_MODE = wholemodule;
				SWIFT_OPTIMIZATION_LEVEL = "-O";
				VALIDATE_PRODUCT = YES;
			};
			name = Release;
		};
		4595E14722D55A7300788103 /* Debug */ = {
			isa = XCBuildConfiguration;
			buildSettings = {
				ASSETCATALOG_COMPILER_APPICON_NAME = AppIcon;
				CODE_SIGN_STYLE = Automatic;
				DEVELOPMENT_TEAM = Q2KBTAKY9J;
				INFOPLIST_FILE = "How Far/Info.plist";
				LD_RUNPATH_SEARCH_PATHS = (
					"$(inherited)",
					"@executable_path/Frameworks",
				);
				PRODUCT_BUNDLE_IDENTIFIER = "Matt-Leuer.How-Far";
				PRODUCT_NAME = "$(TARGET_NAME)";
				SWIFT_VERSION = 5.0;
				TARGETED_DEVICE_FAMILY = "1,2";
			};
			name = Debug;
		};
		4595E14822D55A7300788103 /* Release */ = {
			isa = XCBuildConfiguration;
			buildSettings = {
				ASSETCATALOG_COMPILER_APPICON_NAME = AppIcon;
				CODE_SIGN_STYLE = Automatic;
				DEVELOPMENT_TEAM = Q2KBTAKY9J;
				INFOPLIST_FILE = "How Far/Info.plist";
				LD_RUNPATH_SEARCH_PATHS = (
					"$(inherited)",
					"@executable_path/Frameworks",
				);
				PRODUCT_BUNDLE_IDENTIFIER = "Matt-Leuer.How-Far";
				PRODUCT_NAME = "$(TARGET_NAME)";
				SWIFT_VERSION = 5.0;
				TARGETED_DEVICE_FAMILY = "1,2";
			};
			name = Release;
		};
		4595E14A22D55A7300788103 /* Debug */ = {
			isa = XCBuildConfiguration;
			buildSettings = {
				ALWAYS_EMBED_SWIFT_STANDARD_LIBRARIES = YES;
				BUNDLE_LOADER = "$(TEST_HOST)";
				CODE_SIGN_STYLE = Automatic;
				DEVELOPMENT_TEAM = Q2KBTAKY9J;
				INFOPLIST_FILE = "How FarTests/Info.plist";
				LD_RUNPATH_SEARCH_PATHS = (
					"$(inherited)",
					"@executable_path/Frameworks",
					"@loader_path/Frameworks",
				);
				PRODUCT_BUNDLE_IDENTIFIER = "Matt-Leuer.How-FarTests";
				PRODUCT_NAME = "$(TARGET_NAME)";
				SWIFT_VERSION = 5.0;
				TARGETED_DEVICE_FAMILY = "1,2";
				TEST_HOST = "$(BUILT_PRODUCTS_DIR)/How Far.app/How Far";
			};
			name = Debug;
		};
		4595E14B22D55A7300788103 /* Release */ = {
			isa = XCBuildConfiguration;
			buildSettings = {
				ALWAYS_EMBED_SWIFT_STANDARD_LIBRARIES = YES;
				BUNDLE_LOADER = "$(TEST_HOST)";
				CODE_SIGN_STYLE = Automatic;
				DEVELOPMENT_TEAM = Q2KBTAKY9J;
				INFOPLIST_FILE = "How FarTests/Info.plist";
				LD_RUNPATH_SEARCH_PATHS = (
					"$(inherited)",
					"@executable_path/Frameworks",
					"@loader_path/Frameworks",
				);
				PRODUCT_BUNDLE_IDENTIFIER = "Matt-Leuer.How-FarTests";
				PRODUCT_NAME = "$(TARGET_NAME)";
				SWIFT_VERSION = 5.0;
				TARGETED_DEVICE_FAMILY = "1,2";
				TEST_HOST = "$(BUILT_PRODUCTS_DIR)/How Far.app/How Far";
			};
			name = Release;
		};
		4595E14D22D55A7300788103 /* Debug */ = {
			isa = XCBuildConfiguration;
			buildSettings = {
				ALWAYS_EMBED_SWIFT_STANDARD_LIBRARIES = YES;
				CODE_SIGN_STYLE = Automatic;
				DEVELOPMENT_TEAM = Q2KBTAKY9J;
				INFOPLIST_FILE = "How FarUITests/Info.plist";
				LD_RUNPATH_SEARCH_PATHS = (
					"$(inherited)",
					"@executable_path/Frameworks",
					"@loader_path/Frameworks",
				);
				PRODUCT_BUNDLE_IDENTIFIER = "Matt-Leuer.How-FarUITests";
				PRODUCT_NAME = "$(TARGET_NAME)";
				SWIFT_VERSION = 5.0;
				TARGETED_DEVICE_FAMILY = "1,2";
				TEST_TARGET_NAME = "How Far";
			};
			name = Debug;
		};
		4595E14E22D55A7300788103 /* Release */ = {
			isa = XCBuildConfiguration;
			buildSettings = {
				ALWAYS_EMBED_SWIFT_STANDARD_LIBRARIES = YES;
				CODE_SIGN_STYLE = Automatic;
				DEVELOPMENT_TEAM = Q2KBTAKY9J;
				INFOPLIST_FILE = "How FarUITests/Info.plist";
				LD_RUNPATH_SEARCH_PATHS = (
					"$(inherited)",
					"@executable_path/Frameworks",
					"@loader_path/Frameworks",
				);
				PRODUCT_BUNDLE_IDENTIFIER = "Matt-Leuer.How-FarUITests";
				PRODUCT_NAME = "$(TARGET_NAME)";
				SWIFT_VERSION = 5.0;
				TARGETED_DEVICE_FAMILY = "1,2";
				TEST_TARGET_NAME = "How Far";
			};
			name = Release;
		};
/* End XCBuildConfiguration section */

/* Begin XCConfigurationList section */
		4595E11922D55A7200788103 /* Build configuration list for PBXProject "How Far" */ = {
			isa = XCConfigurationList;
			buildConfigurations = (
				4595E14422D55A7300788103 /* Debug */,
				4595E14522D55A7300788103 /* Release */,
			);
			defaultConfigurationIsVisible = 0;
			defaultConfigurationName = Release;
		};
		4595E14622D55A7300788103 /* Build configuration list for PBXNativeTarget "How Far" */ = {
			isa = XCConfigurationList;
			buildConfigurations = (
				4595E14722D55A7300788103 /* Debug */,
				4595E14822D55A7300788103 /* Release */,
			);
			defaultConfigurationIsVisible = 0;
			defaultConfigurationName = Release;
		};
		4595E14922D55A7300788103 /* Build configuration list for PBXNativeTarget "How FarTests" */ = {
			isa = XCConfigurationList;
			buildConfigurations = (
				4595E14A22D55A7300788103 /* Debug */,
				4595E14B22D55A7300788103 /* Release */,
			);
			defaultConfigurationIsVisible = 0;
			defaultConfigurationName = Release;
		};
		4595E14C22D55A7300788103 /* Build configuration list for PBXNativeTarget "How FarUITests" */ = {
			isa = XCConfigurationList;
			buildConfigurations = (
				4595E14D22D55A7300788103 /* Debug */,
				4595E14E22D55A7300788103 /* Release */,
			);
			defaultConfigurationIsVisible = 0;
			defaultConfigurationName = Release;
		};
/* End XCConfigurationList section */
	};
	rootObject = 4595E11622D55A7200788103 /* Project object */;
}
